{
  "name": "maester",
  "version": "0.7.2",
  "lockfileVersion": 1,
  "dependencies": {
    "colors": {
      "version": "1.1.2",
      "resolved": "https://registry.npmjs.org/colors/-/colors-1.1.2.tgz",
      "integrity": "sha1-FopHAXVran9RoSzgyXv6KMCE7WM="
    },
    "es6-eventemitter": {
      "version": "0.7.2",
      "dependencies": {
        "immunity": {
          "version": "0.7.2",
          "dependencies": {
            "ponyfills": {
              "version": "0.7.2"
            }
          }
        }
      }
    },
    "immunity": {
      "version": "0.7.2",
      "dependencies": {
        "ponyfills": {
          "version": "0.7.2"
        }
      }
    },
    "ponyfills": {
      "version": "0.7.2"
    }
  }
}
