{
  "name": "maester",
  "version": "0.8.1",
  "lockfileVersion": 1,
  "dependencies": {
    "@types/node": {
      "version": "7.0.33",
      "resolved": "https://registry.npmjs.org/@types/node/-/node-7.0.33.tgz",
      "integrity": "sha512-8fVvl6Yyk3jZvSYxRMS9/AmZJ5RXCOP9N4xSlykyBViVESu751pxHYTN14Embn1Fem78YwEHdC7p7KGQQpwunw==",
      "dev": true
    },
    "colors": {
      "version": "1.1.2",
      "resolved": "https://registry.npmjs.org/colors/-/colors-1.1.2.tgz",
      "integrity": "sha1-FopHAXVran9RoSzgyXv6KMCE7WM="
    },
    "es6-eventemitter": {
      "version": "0.8.0",
      "resolved": "https://registry.npmjs.org/es6-eventemitter/-/es6-eventemitter-0.8.0.tgz",
      "integrity": "sha512-GbORoKsADme3rqnVi4OqMelvfIiYZw587U/v2//aJZO9Z37/7b4bCwe3f/rTIdr/oTL7GpZ5YAUvLC/MkVFnQw==",
      "dependencies": {
        "immunity": {
          "version": "0.8.0",
          "resolved": "https://registry.npmjs.org/immunity/-/immunity-0.8.0.tgz",
          "integrity": "sha512-nQ8MMGeKQyQhgTsUhxNX4d3b/hIQERXHKAUxVyyNsfNi/I8f/gFc9UJUoiZr3Ia0aiJfy6t19IDEcjL2FSLlyg==",
          "dependencies": {
            "ponyfills": {
              "version": "0.8.0",
              "resolved": "https://registry.npmjs.org/ponyfills/-/ponyfills-0.8.0.tgz",
              "integrity": "sha512-4D2IHr9Zx5DhKGGNWWKR5hwGzciUQjhsNDXiDAXA3+oCZHEo1JKxYxRdgHWtLPhFHz2klSwpYuewIsruTn3lUQ=="
            }
          }
        }
      }
    },
    "immunity": {
      "version": "0.8.0",
      "resolved": "https://registry.npmjs.org/immunity/-/immunity-0.8.0.tgz",
      "integrity": "sha512-nQ8MMGeKQyQhgTsUhxNX4d3b/hIQERXHKAUxVyyNsfNi/I8f/gFc9UJUoiZr3Ia0aiJfy6t19IDEcjL2FSLlyg==",
      "dependencies": {
        "ponyfills": {
          "version": "0.8.0",
          "resolved": "https://registry.npmjs.org/ponyfills/-/ponyfills-0.8.0.tgz",
          "integrity": "sha512-4D2IHr9Zx5DhKGGNWWKR5hwGzciUQjhsNDXiDAXA3+oCZHEo1JKxYxRdgHWtLPhFHz2klSwpYuewIsruTn3lUQ=="
        }
      }
    },
    "ponyfills": {
      "version": "0.8.0",
      "resolved": "https://registry.npmjs.org/ponyfills/-/ponyfills-0.8.0.tgz",
      "integrity": "sha512-4D2IHr9Zx5DhKGGNWWKR5hwGzciUQjhsNDXiDAXA3+oCZHEo1JKxYxRdgHWtLPhFHz2klSwpYuewIsruTn3lUQ=="
    }
  }
}
