{
  "name": "enthusiast",
  "version": "0.8.0",
  "lockfileVersion": 1,
  "dependencies": {
    "es6-eventemitter": {
      "version": "0.8.0",
      "dependencies": {
        "immunity": {
          "version": "0.8.0",
          "dependencies": {
            "ponyfills": {
              "version": "0.8.0"
            }
          }
        }
      }
    },
    "immunity": {
      "version": "0.8.0",
      "dependencies": {
        "ponyfills": {
          "version": "0.8.0"
        }
      }
    }
  }
}
