{
  "name": "enthusiast",
  "version": "0.6.2",
  "lockfileVersion": 1,
  "dependencies": {
    "es6-eventemitter": {
      "version": "0.6.0",
      "resolved": "https://registry.npmjs.org/es6-eventemitter/-/es6-eventemitter-0.6.0.tgz",
      "integrity": "sha512-asLoTKuY//Ggl/WNI2SQO7kZTjQQrsV7z4B7/bUUyN3rrwji9kH5gXSPqutCk7EWOUx1mURljTOAG0y6rnSBHA=="
    },
    "immunity": {
      "version": "0.6.0",
      "resolved": "https://registry.npmjs.org/immunity/-/immunity-0.6.0.tgz",
      "integrity": "sha512-gQqk/lsQaXhWoqbgQUi+qH4TMmANKt/UteFLgu6kD5dbH/HjjMYGYnBZYmkwsFtix40lpq56NVwo8MG8GOXAiQ=="
    }
  }
}
