{
  "name": "es6-eventemitter",
  "version": "0.6.0",
  "lockfileVersion": 1,
  "dependencies": {
    "@types/es6-shim": {
      "version": "0.31.34",
      "resolved": "https://registry.npmjs.org/@types/es6-shim/-/es6-shim-0.31.34.tgz",
      "integrity": "sha512-io9avWjJ5BCECjJONnb9e8QeeMyhyRpw36wrWhgq0uNKnxlnE+O6Xnd+9rViupSrT/Gn1CBPJ9q5Em3Lo1WfwA==",
      "dev": true
    },
    "immunity": {
      "version": "0.6.0",
      "resolved": "https://registry.npmjs.org/immunity/-/immunity-0.6.0.tgz",
      "integrity": "sha512-gQqk/lsQaXhWoqbgQUi+qH4TMmANKt/UteFLgu6kD5dbH/HjjMYGYnBZYmkwsFtix40lpq56NVwo8MG8GOXAiQ=="
    }
  }
}
